// !$*UTF8*$!
{
	archiveVersion = 1;
	classes = {
	};
	objectVersion = 46;
	objects = {

/* Begin PBXBuildFile section */
		85A5DE341B8C5F25009B990A /* main.m in Sources */ = {isa = PBXBuildFile; fileRef = 85A5DE331B8C5F25009B990A /* main.m */; };
		85A5DE371B8C5F25009B990A /* AppDelegate.m in Sources */ = {isa = PBXBuildFile; fileRef = 85A5DE361B8C5F25009B990A /* AppDelegate.m */; };
		85A5DE3A1B8C5F25009B990A /* ViewController.m in Sources */ = {isa = PBXBuildFile; fileRef = 85A5DE391B8C5F25009B990A /* ViewController.m */; };
		85A5DE3D1B8C5F25009B990A /* Main.storyboard in Resources */ = {isa = PBXBuildFile; fileRef = 85A5DE3B1B8C5F25009B990A /* Main.storyboard */; };
		85A5DE3F1B8C5F25009B990A /* Images.xcassets in Resources */ = {isa = PBXBuildFile; fileRef = 85A5DE3E1B8C5F25009B990A /* Images.xcassets */; };
		85A5DE421B8C5F25009B990A /* LaunchScreen.xib in Resources */ = {isa = PBXBuildFile; fileRef = 85A5DE401B8C5F25009B990A /* LaunchScreen.xib */; };
		85A5DE4E1B8C5F25009B990A /* Demo02_GitHubTestTests.m in Sources */ = {isa = PBXBuildFile; fileRef = 85A5DE4D1B8C5F25009B990A /* Demo02_GitHubTestTests.m */; };
/* End PBXBuildFile section */

/* Begin PBXContainerItemProxy section */
		85A5DE481B8C5F25009B990A /* PBXContainerItemProxy */ = {
			isa = PBXContainerItemProxy;
			containerPortal = 85A5DE261B8C5F25009B990A /* Project object */;
			proxyType = 1;
			remoteGlobalIDString = 85A5DE2D1B8C5F25009B990A;
			remoteInfo = Demo02_GitHubTest;
		};
/* End PBXContainerItemProxy section */

/* Begin PBXFileReference section */
		85A5DE2E1B8C5F25009B990A /* Demo02_GitHubTest.app */ = {isa = PBXFileReference; explicitFileType = wrapper.application; includeInIndex = 0; path = Demo02_GitHubTest.app; sourceTree = BUILT_PRODUCTS_DIR; };
		85A5DE321B8C5F25009B990A /* Info.plist */ = {isa = PBXFileReference; lastKnownFileType = text.plist.xml; path = Info.plist; sourceTree = "<group>"; };
		85A5DE331B8C5F25009B990A /* main.m */ = {isa = PBXFileReference; lastKnownFileType = sourcecode.c.objc; path = main.m; sourceTree = "<group>"; };
		85A5DE351B8C5F25009B990A /* AppDelegate.h */ = {isa = PBXFileReference; lastKnownFileType = sourcecode.c.h; path = AppDelegate.h; sourceTree = "<group>"; };
		85A5DE361B8C5F25009B990A /* AppDelegate.m */ = {isa = PBXFileReference; lastKnownFileType = sourcecode.c.objc; path = AppDelegate.m; sourceTree = "<group>"; };
		85A5DE381B8C5F25009B990A /* ViewController.h */ = {isa = PBXFileReference; lastKnownFileType = sourcecode.c.h; path = ViewController.h; sourceTree = "<group>"; };
		85A5DE391B8C5F25009B990A /* ViewController.m */ = {isa = PBXFileReference; lastKnownFileType = sourcecode.c.objc; path = ViewController.m; sourceTree = "<group>"; };
		85A5DE3C1B8C5F25009B990A /* Base */ = {isa = PBXFileReference; lastKnownFileType = file.storyboard; name = Base; path = Base.lproj/Main.storyboard; sourceTree = "<group>"; };
		85A5DE3E1B8C5F25009B990A /* Images.xcassets */ = {isa = PBXFileReference; lastKnownFileType = folder.assetcatalog; path = Images.xcassets; sourceTree = "<group>"; };
		85A5DE411B8C5F25009B990A /* Base */ = {isa = PBXFileReference; lastKnownFileType = file.xib; name = Base; path = Base.lproj/LaunchScreen.xib; sourceTree = "<group>"; };
		85A5DE471B8C5F25009B990A /* Demo02_GitHubTestTests.xctest */ = {isa = PBXFileReference; explicitFileType = wrapper.cfbundle; includeInIndex = 0; path = Demo02_GitHubTestTests.xctest; sourceTree = BUILT_PRODUCTS_DIR; };
		85A5DE4C1B8C5F25009B990A /* Info.plist */ = {isa = PBXFileReference; lastKnownFileType = text.plist.xml; path = Info.plist; sourceTree = "<group>"; };
		85A5DE4D1B8C5F25009B990A /* Demo02_GitHubTestTests.m */ = {isa = PBXFileReference; lastKnownFileType = sourcecode.c.objc; path = Demo02_GitHubTestTests.m; sourceTree = "<group>"; };
/* End PBXFileReference section */

/* Begin PBXFrameworksBuildPhase section */
		85A5DE2B1B8C5F25009B990A /* Frameworks */ = {
			isa = PBXFrameworksBuildPhase;
			buildActionMask = 2147483647;
			files = (
			);
			runOnlyForDeploymentPostprocessing = 0;
		};
		85A5DE441B8C5F25009B990A /* Frameworks */ = {
			isa = PBXFrameworksBuildPhase;
			buildActionMask = 2147483647;
			files = (
			);
			runOnlyForDeploymentPostprocessing = 0;
		};
/* End PBXFrameworksBuildPhase section */

/* Begin PBXGroup section */
		85A5DE251B8C5F25009B990A = {
			isa = PBXGroup;
			children = (
				85A5DE301B8C5F25009B990A /* Demo02_GitHubTest */,
				85A5DE4A1B8C5F25009B990A /* Demo02_GitHubTestTests */,
				85A5DE2F1B8C5F25009B990A /* Products */,
			);
			sourceTree = "<group>";
		};
		85A5DE2F1B8C5F25009B990A /* Products */ = {
			isa = PBXGroup;
			children = (
				85A5DE2E1B8C5F25009B990A /* Demo02_GitHubTest.app */,
				85A5DE471B8C5F25009B990A /* Demo02_GitHubTestTests.xctest */,
			);
			name = Products;
			sourceTree = "<group>";
		};
		85A5DE301B8C5F25009B990A /* Demo02_GitHubTest */ = {
			isa = PBXGroup;
			children = (
				85A5DE351B8C5F25009B990A /* AppDelegate.h */,
				85A5DE361B8C5F25009B990A /* AppDelegate.m */,
				85A5DE381B8C5F25009B990A /* ViewController.h */,
				85A5DE391B8C5F25009B990A /* ViewController.m */,
				85A5DE3B1B8C5F25009B990A /* Main.storyboard */,
				85A5DE3E1B8C5F25009B990A /* Images.xcassets */,
				85A5DE401B8C5F25009B990A /* LaunchScreen.xib */,
				85A5DE311B8C5F25009B990A /* Supporting Files */,
			);
			path = Demo02_GitHubTest;
			sourceTree = "<group>";
		};
		85A5DE311B8C5F25009B990A /* Supporting Files */ = {
			isa = PBXGroup;
			children = (
				85A5DE321B8C5F25009B990A /* Info.plist */,
				85A5DE331B8C5F25009B990A /* main.m */,
			);
			name = "Supporting Files";
			sourceTree = "<group>";
		};
		85A5DE4A1B8C5F25009B990A /* Demo02_GitHubTestTests */ = {
			isa = PBXGroup;
			children = (
				85A5DE4D1B8C5F25009B990A /* Demo02_GitHubTestTests.m */,
				85A5DE4B1B8C5F25009B990A /* Supporting Files */,
			);
			path = Demo02_GitHubTestTests;
			sourceTree = "<group>";
		};
		85A5DE4B1B8C5F25009B990A /* Supporting Files */ = {
			isa = PBXGroup;
			children = (
				85A5DE4C1B8C5F25009B990A /* Info.plist */,
			);
			name = "Supporting Files";
			sourceTree = "<group>";
		};
/* End PBXGroup section */

/* Begin PBXNativeTarget section */
		85A5DE2D1B8C5F25009B990A /* Demo02_GitHubTest */ = {
			isa = PBXNativeTarget;
			buildConfigurationList = 85A5DE511B8C5F25009B990A /* Build configuration list for PBXNativeTarget "Demo02_GitHubTest" */;
			buildPhases = (
				85A5DE2A1B8C5F25009B990A /* Sources */,
				85A5DE2B1B8C5F25009B990A /* Frameworks */,
				85A5DE2C1B8C5F25009B990A /* Resources */,
			);
			buildRules = (
			);
			dependencies = (
			);
			name = Demo02_GitHubTest;
			productName = Demo02_GitHubTest;
			productReference = 85A5DE2E1B8C5F25009B990A /* Demo02_GitHubTest.app */;
			productType = "com.apple.product-type.application";
		};
		85A5DE461B8C5F25009B990A /* Demo02_GitHubTestTests */ = {
			isa = PBXNativeTarget;
			buildConfigurationList = 85A5DE541B8C5F25009B990A /* Build configuration list for PBXNativeTarget "Demo02_GitHubTestTests" */;
			buildPhases = (
				85A5DE431B8C5F25009B990A /* Sources */,
				85A5DE441B8C5F25009B990A /* Frameworks */,
				85A5DE451B8C5F25009B990A /* Resources */,
			);
			buildRules = (
			);
			dependencies = (
				85A5DE491B8C5F25009B990A /* PBXTargetDependency */,
			);
			name = Demo02_GitHubTestTests;
			productName = Demo02_GitHubTestTests;
			productReference = 85A5DE471B8C5F25009B990A /* Demo02_GitHubTestTests.xctest */;
			productType = "com.apple.product-type.bundle.unit-test";
		};
/* End PBXNativeTarget section */

/* Begin PBXProject section */
		85A5DE261B8C5F25009B990A /* Project object */ = {
			isa = PBXProject;
			attributes = {
				LastUpgradeCheck = 0610;
				ORGANIZATIONNAME = tarena;
				TargetAttributes = {
					85A5DE2D1B8C5F25009B990A = {
						CreatedOnToolsVersion = 6.1;
					};
					85A5DE461B8C5F25009B990A = {
						CreatedOnToolsVersion = 6.1;
						TestTargetID = 85A5DE2D1B8C5F25009B990A;
					};
				};
			};
			buildConfigurationList = 85A5DE291B8C5F25009B990A /* Build configuration list for PBXProject "Demo02_GitHubTest" */;
			compatibilityVersion = "Xcode 3.2";
			developmentRegion = English;
			hasScannedForEncodings = 0;
			knownRegions = (
				en,
				Base,
			);
			mainGroup = 85A5DE251B8C5F25009B990A;
			productRefGroup = 85A5DE2F1B8C5F25009B990A /* Products */;
			projectDirPath = "";
			projectRoot = "";
			targets = (
				85A5DE2D1B8C5F25009B990A /* Demo02_GitHubTest */,
				85A5DE461B8C5F25009B990A /* Demo02_GitHubTestTests */,
			);
		};
/* End PBXProject section */

/* Begin PBXResourcesBuildPhase section */
		85A5DE2C1B8C5F25009B990A /* Resources */ = {
			isa = PBXResourcesBuildPhase;
			buildActionMask = 2147483647;
			files = (
				85A5DE3D1B8C5F25009B990A /* Main.storyboard in Resources */,
				85A5DE421B8C5F25009B990A /* LaunchScreen.xib in Resources */,
				85A5DE3F1B8C5F25009B990A /* Images.xcassets in Resources */,
			);
			runOnlyForDeploymentPostprocessing = 0;
		};
		85A5DE451B8C5F25009B990A /* Resources */ = {
			isa = PBXResourcesBuildPhase;
			buildActionMask = 2147483647;
			files = (
			);
			runOnlyForDeploymentPostprocessing = 0;
		};
/* End PBXResourcesBuildPhase section */

/* Begin PBXSourcesBuildPhase section */
		85A5DE2A1B8C5F25009B990A /* Sources */ = {
			isa = PBXSourcesBuildPhase;
			buildActionMask = 2147483647;
			files = (
				85A5DE3A1B8C5F25009B990A /* ViewController.m in Sources */,
				85A5DE371B8C5F25009B990A /* AppDelegate.m in Sources */,
				85A5DE341B8C5F25009B990A /* main.m in Sources */,
			);
			runOnlyForDeploymentPostprocessing = 0;
		};
		85A5DE431B8C5F25009B990A /* Sources */ = {
			isa = PBXSourcesBuildPhase;
			buildActionMask = 2147483647;
			files = (
				85A5DE4E1B8C5F25009B990A /* Demo02_GitHubTestTests.m in Sources */,
			);
			runOnlyForDeploymentPostprocessing = 0;
		};
/* End PBXSourcesBuildPhase section */

/* Begin PBXTargetDependency section */
		85A5DE491B8C5F25009B990A /* PBXTargetDependency */ = {
			isa = PBXTargetDependency;
			target = 85A5DE2D1B8C5F25009B990A /* Demo02_GitHubTest */;
			targetProxy = 85A5DE481B8C5F25009B990A /* PBXContainerItemProxy */;
		};
/* End PBXTargetDependency section */

/* Begin PBXVariantGroup section */
		85A5DE3B1B8C5F25009B990A /* Main.storyboard */ = {
			isa = PBXVariantGroup;
			children = (
				85A5DE3C1B8C5F25009B990A /* Base */,
			);
			name = Main.storyboard;
			sourceTree = "<group>";
		};
		85A5DE401B8C5F25009B990A /* LaunchScreen.xib */ = {
			isa = PBXVariantGroup;
			children = (
				85A5DE411B8C5F25009B990A /* Base */,
			);
			name = LaunchScreen.xib;
			sourceTree = "<group>";
		};
/* End PBXVariantGroup section */

/* Begin XCBuildConfiguration section */
		85A5DE4F1B8C5F25009B990A /* Debug */ = {
			isa = XCBuildConfiguration;
			buildSettings = {
				ALWAYS_SEARCH_USER_PATHS = NO;
				CLANG_CXX_LANGUAGE_STANDARD = "gnu++0x";
				CLANG_CXX_LIBRARY = "libc++";
				CLANG_ENABLE_MODULES = YES;
				CLANG_ENABLE_OBJC_ARC = YES;
				CLANG_WARN_BOOL_CONVERSION = YES;
				CLANG_WARN_CONSTANT_CONVERSION = YES;
				CLANG_WARN_DIRECT_OBJC_ISA_USAGE = YES_ERROR;
				CLANG_WARN_EMPTY_BODY = YES;
				CLANG_WARN_ENUM_CONVERSION = YES;
				CLANG_WARN_INT_CONVERSION = YES;
				CLANG_WARN_OBJC_ROOT_CLASS = YES_ERROR;
				CLANG_WARN_UNREACHABLE_CODE = YES;
				CLANG_WARN__DUPLICATE_METHOD_MATCH = YES;
				"CODE_SIGN_IDENTITY[sdk=iphoneos*]" = "iPhone Developer";
				COPY_PHASE_STRIP = NO;
				ENABLE_STRICT_OBJC_MSGSEND = YES;
				GCC_C_LANGUAGE_STANDARD = gnu99;
				GCC_DYNAMIC_NO_PIC = NO;
				GCC_OPTIMIZATION_LEVEL = 0;
				GCC_PREPROCESSOR_DEFINITIONS = (
					"DEBUG=1",
					"$(inherited)",
				);
				GCC_SYMBOLS_PRIVATE_EXTERN = NO;
				GCC_WARN_64_TO_32_BIT_CONVERSION = YES;
				GCC_WARN_ABOUT_RETURN_TYPE = YES_ERROR;
				GCC_WARN_UNDECLARED_SELECTOR = YES;
				GCC_WARN_UNINITIALIZED_AUTOS = YES_AGGRESSIVE;
				GCC_WARN_UNUSED_FUNCTION = YES;
				GCC_WARN_UNUSED_VARIABLE = YES;
				IPHONEOS_DEPLOYMENT_TARGET = 8.1;
				MTL_ENABLE_DEBUG_INFO = YES;
				ONLY_ACTIVE_ARCH = YES;
				SDKROOT = iphoneos;
			};
			name = Debug;
		};
		85A5DE501B8C5F25009B990A /* Release */ = {
			isa = XCBuildConfiguration;
			buildSettings = {
				ALWAYS_SEARCH_USER_PATHS = NO;
				CLANG_CXX_LANGUAGE_STANDARD = "gnu++0x";
				CLANG_CXX_LIBRARY = "libc++";
				CLANG_ENABLE_MODULES = YES;
				CLANG_ENABLE_OBJC_ARC = YES;
				CLANG_WARN_BOOL_CONVERSION = YES;
				CLANG_WARN_CONSTANT_CONVERSION = YES;
				CLANG_WARN_DIRECT_OBJC_ISA_USAGE = YES_ERROR;
				CLANG_WARN_EMPTY_BODY = YES;
				CLANG_WARN_ENUM_CONVERSION = YES;
				CLANG_WARN_INT_CONVERSION = YES;
				CLANG_WARN_OBJC_ROOT_CLASS = YES_ERROR;
				CLANG_WARN_UNREACHABLE_CODE = YES;
				CLANG_WARN__DUPLICATE_METHOD_MATCH = YES;
				"CODE_SIGN_IDENTITY[sdk=iphoneos*]" = "iPhone Developer";
				COPY_PHASE_STRIP = YES;
				ENABLE_NS_ASSERTIONS = NO;
				ENABLE_STRICT_OBJC_MSGSEND = YES;
				GCC_C_LANGUAGE_STANDARD = gnu99;
				GCC_WARN_64_TO_32_BIT_CONVERSION = YES;
				GCC_WARN_ABOUT_RETURN_TYPE = YES_ERROR;
				GCC_WARN_UNDECLARED_SELECTOR = YES;
				GCC_WARN_UNINITIALIZED_AUTOS = YES_AGGRESSIVE;
				GCC_WARN_UNUSED_FUNCTION = YES;
				GCC_WARN_UNUSED_VARIABLE = YES;
				IPHONEOS_DEPLOYMENT_TARGET = 8.1;
				MTL_ENABLE_DEBUG_INFO = NO;
				SDKROOT = iphoneos;
				VALIDATE_PRODUCT = YES;
			};
			name = Release;
		};
		85A5DE521B8C5F25009B990A /* Debug */ = {
			isa = XCBuildConfiguration;
			buildSettings = {
				ASSETCATALOG_COMPILER_APPICON_NAME = AppIcon;
				INFOPLIST_FILE = Demo02_GitHubTest/Info.plist;
				LD_RUNPATH_SEARCH_PATHS = "$(inherited) @executable_path/Frameworks";
				PRODUCT_NAME = "$(TARGET_NAME)";
			};
			name = Debug;
		};
		85A5DE531B8C5F25009B990A /* Release */ = {
			isa = XCBuildConfiguration;
			buildSettings = {
				ASSETCATALOG_COMPILER_APPICON_NAME = AppIcon;
				INFOPLIST_FILE = Demo02_GitHubTest/Info.plist;
				LD_RUNPATH_SEARCH_PATHS = "$(inherited) @executable_path/Frameworks";
				PRODUCT_NAME = "$(TARGET_NAME)";
			};
			name = Release;
		};
		85A5DE551B8C5F25009B990A /* Debug */ = {
			isa = XCBuildConfiguration;
			buildSettings = {
				BUNDLE_LOADER = "$(TEST_HOST)";
				FRAMEWORK_SEARCH_PATHS = (
					"$(SDKROOT)/Developer/Library/Frameworks",
					"$(inherited)",
				);
				GCC_PREPROCESSOR_DEFINITIONS = (
					"DEBUG=1",
					"$(inherited)",
				);
				INFOPLIST_FILE = Demo02_GitHubTestTests/Info.plist;
				LD_RUNPATH_SEARCH_PATHS = "$(inherited) @executable_path/Frameworks @loader_path/Frameworks";
				PRODUCT_NAME = "$(TARGET_NAME)";
				TEST_HOST = "$(BUILT_PRODUCTS_DIR)/Demo02_GitHubTest.app/Demo02_GitHubTest";
			};
			name = Debug;
		};
		85A5DE561B8C5F25009B990A /* Release */ = {
			isa = XCBuildConfiguration;
			buildSettings = {
				BUNDLE_LOADER = "$(TEST_HOST)";
				FRAMEWORK_SEARCH_PATHS = (
					"$(SDKROOT)/Developer/Library/Frameworks",
					"$(inherited)",
				);
				INFOPLIST_FILE = Demo02_GitHubTestTests/Info.plist;
				LD_RUNPATH_SEARCH_PATHS = "$(inherited) @executable_path/Frameworks @loader_path/Frameworks";
				PRODUCT_NAME = "$(TARGET_NAME)";
				TEST_HOST = "$(BUILT_PRODUCTS_DIR)/Demo02_GitHubTest.app/Demo02_GitHubTest";
			};
			name = Release;
		};
/* End XCBuildConfiguration section */

/* Begin XCConfigurationList section */
		85A5DE291B8C5F25009B990A /* Build configuration list for PBXProject "Demo02_GitHubTest" */ = {
			isa = XCConfigurationList;
			buildConfigurations = (
				85A5DE4F1B8C5F25009B990A /* Debug */,
				85A5DE501B8C5F25009B990A /* Release */,
			);
			defaultConfigurationIsVisible = 0;
			defaultConfigurationName = Release;
		};
		85A5DE511B8C5F25009B990A /* Build configuration list for PBXNativeTarget "Demo02_GitHubTest" */ = {
			isa = XCConfigurationList;
			buildConfigurations = (
				85A5DE521B8C5F25009B990A /* Debug */,
				85A5DE531B8C5F25009B990A /* Release */,
			);
			defaultConfigurationIsVisible = 0;
		};
		85A5DE541B8C5F25009B990A /* Build configuration list for PBXNativeTarget "Demo02_GitHubTestTests" */ = {
			isa = XCConfigurationList;
			buildConfigurations = (
				85A5DE551B8C5F25009B990A /* Debug */,
				85A5DE561B8C5F25009B990A /* Release */,
			);
			defaultConfigurationIsVisible = 0;
		};
/* End XCConfigurationList section */
	};
	rootObject = 85A5DE261B8C5F25009B990A /* Project object */;
}
